
Microsoft Visual Studio Solution File, Format Version 12.00
# Visual Studio Version 16
VisualStudioVersion = 16.0.30611.23
MinimumVisualStudioVersion = 10.0.40219.1
Project("{FAE04EC0-301F-11D3-BF4B-00C04F79EFBC}") = "labwork_3_2", "labwork_3_2.csproj", "{57739047-D089-4873-A1B6-B49737A57F69}"
EndProject
Global
	GlobalSection(SolutionConfigurationPlatforms) = preSolution
		Debug|Any CPU = Debug|Any CPU
		Release|Any CPU = Release|Any CPU
	EndGlobalSection
	GlobalSection(ProjectConfigurationPlatforms) = postSolution
		{57739047-D089-4873-A1B6-B49737A57F69}.Debug|Any CPU.ActiveCfg = Debug|Any CPU
		{57739047-D089-4873-A1B6-B49737A57F69}.Debug|Any CPU.Build.0 = Debug|Any CPU
		{57739047-D089-4873-A1B6-B49737A57F69}.Release|Any CPU.ActiveCfg = Release|Any CPU
		{57739047-D089-4873-A1B6-B49737A57F69}.Release|Any CPU.Build.0 = Release|Any CPU
	EndGlobalSection
	GlobalSection(SolutionProperties) = preSolution
		HideSolutionNode = FALSE
	EndGlobalSection
	GlobalSection(ExtensibilityGlobals) = postSolution
		SolutionGuid = {5F4C2D52-61D3-41A5-B91A-5CB7BA299A92}
	EndGlobalSection
EndGlobal
