
Microsoft Visual Studio Solution File, Format Version 12.00
# Visual Studio Version 16
VisualStudioVersion = 16.0.30611.23
MinimumVisualStudioVersion = 10.0.40219.1
Project("{FAE04EC0-301F-11D3-BF4B-00C04F79EFBC}") = "labwork_3_5", "labwork_3_5.csproj", "{F879916B-6F19-4423-9EBA-1C3953EF83DC}"
EndProject
Global
	GlobalSection(SolutionConfigurationPlatforms) = preSolution
		Debug|Any CPU = Debug|Any CPU
		Release|Any CPU = Release|Any CPU
	EndGlobalSection
	GlobalSection(ProjectConfigurationPlatforms) = postSolution
		{F879916B-6F19-4423-9EBA-1C3953EF83DC}.Debug|Any CPU.ActiveCfg = Debug|Any CPU
		{F879916B-6F19-4423-9EBA-1C3953EF83DC}.Debug|Any CPU.Build.0 = Debug|Any CPU
		{F879916B-6F19-4423-9EBA-1C3953EF83DC}.Release|Any CPU.ActiveCfg = Release|Any CPU
		{F879916B-6F19-4423-9EBA-1C3953EF83DC}.Release|Any CPU.Build.0 = Release|Any CPU
	EndGlobalSection
	GlobalSection(SolutionProperties) = preSolution
		HideSolutionNode = FALSE
	EndGlobalSection
	GlobalSection(ExtensibilityGlobals) = postSolution
		SolutionGuid = {5447AB5C-38D0-4F60-B8F8-152BB1DD3C64}
	EndGlobalSection
EndGlobal
